
Microsoft Visual Studio Solution File, Format Version 12.00
# Visual Studio Version 16
VisualStudioVersion = 16.0.31624.102
MinimumVisualStudioVersion = 10.0.40219.1
Project("{FAE04EC0-301F-11D3-BF4B-00C04F79EFBC}") = "FactoryPattern-Kata", "FactoryPattern-Kata\FactoryPattern-Kata.csproj", "{DA1DD5B9-F1AA-4952-937B-DFC07A3597BF}"
EndProject
Global
	GlobalSection(SolutionConfigurationPlatforms) = preSolution
		Debug|Any CPU = Debug|Any CPU
		Release|Any CPU = Release|Any CPU
	EndGlobalSection
	GlobalSection(ProjectConfigurationPlatforms) = postSolution
		{DA1DD5B9-F1AA-4952-937B-DFC07A3597BF}.Debug|Any CPU.ActiveCfg = Debug|Any CPU
		{DA1DD5B9-F1AA-4952-937B-DFC07A3597BF}.Debug|Any CPU.Build.0 = Debug|Any CPU
		{DA1DD5B9-F1AA-4952-937B-DFC07A3597BF}.Release|Any CPU.ActiveCfg = Release|Any CPU
		{DA1DD5B9-F1AA-4952-937B-DFC07A3597BF}.Release|Any CPU.Build.0 = Release|Any CPU
	EndGlobalSection
	GlobalSection(SolutionProperties) = preSolution
		HideSolutionNode = FALSE
	EndGlobalSection
	GlobalSection(ExtensibilityGlobals) = postSolution
		SolutionGuid = {5EC2DDFB-D264-4CB2-85AF-113E5F68AE32}
	EndGlobalSection
EndGlobal
